{
  "version": 4,
  "terraform_version": "1.6.3",
  "serial": 18,
  "lineage": "41d1c551-662a-7877-6b73-8d38d3ede131",
  "outputs": {
    "spoke_route_table_id": {
      "value": "/subscriptions/f96bb086-c28f-40a3-88a8-89de63160a72/resourceGroups/rg-network/providers/Microsoft.Network/routeTables/route-datacenter-prod-to-hub",
      "type": "string"
    },
    "spoke_subnet_ids": {
      "value": {
        "snet-datacenter-prod": "/subscriptions/f96bb086-c28f-40a3-88a8-89de63160a72/resourceGroups/rg-network/providers/Microsoft.Network/virtualNetworks/vnet-datacenter-prod/subnets/snet-datacenter-prod"
      },
      "type": [
        "object",
        {
          "snet-datacenter-prod": "string"
        }
      ]
    },
    "spoke_vnet_id": {
      "value": "/subscriptions/f96bb086-c28f-40a3-88a8-89de63160a72/resourceGroups/rg-network/providers/Microsoft.Network/virtualNetworks/vnet-datacenter-prod",
      "type": "string"
    }
  },
  "resources": [
    {
      "mode": "managed",
      "type": "azurerm_resource_group",
      "name": "spoke",
      "provider": "provider[\"registry.terraform.io/hashicorp/azurerm\"].spoke",
      "instances": [
        {
          "schema_version": 0,
          "attributes": {
            "id": "/subscriptions/f96bb086-c28f-40a3-88a8-89de63160a72/resourceGroups/rg-network",
            "location": "westeurope",
            "managed_by": "",
            "name": "rg-network",
            "tags": {
              "CostCenter": "ITSM",
              "Environment": "IT",
              "OperatingTeamApp": "Datacenter",
              "OperatingTeamOS": "Datacenter",
              "Owner": "Datacenter",
              "Project": "Landingzone"
            },
            "timeouts": null
          },
          "sensitive_attributes": [],
          "private": "eyJlMmJmYjczMC1lY2FhLTExZTYtOGY4OC0zNDM2M2JjN2M0YzAiOnsiY3JlYXRlIjo1NDAwMDAwMDAwMDAwLCJkZWxldGUiOjU0MDAwMDAwMDAwMDAsInJlYWQiOjMwMDAwMDAwMDAwMCwidXBkYXRlIjo1NDAwMDAwMDAwMDAwfX0="
        }
      ]
    },
    {
      "mode": "managed",
      "type": "azurerm_route_table",
      "name": "spoke_rt",
      "provider": "provider[\"registry.terraform.io/hashicorp/azurerm\"].spoke",
      "instances": [
        {
          "schema_version": 0,
          "attributes": {
            "disable_bgp_route_propagation": false,
            "id": "/subscriptions/f96bb086-c28f-40a3-88a8-89de63160a72/resourceGroups/rg-network/providers/Microsoft.Network/routeTables/route-datacenter-prod-to-hub",
            "location": "westeurope",
            "name": "route-datacenter-prod-to-hub",
            "resource_group_name": "rg-network",
            "route": [
              {
                "address_prefix": "0.0.0.0/0",
                "name": "to-hub",
                "next_hop_in_ip_address": "10.180.0.68",
                "next_hop_type": "VirtualAppliance"
              }
            ],
            "subnets": [],
            "tags": {
              "CostCenter": "ITSM",
              "CreatedBy": "admHeiss",
              "Description": "Virtual Network",
              "Environment": "IT",
              "OperatingTeamApp": "Datacenter",
              "OperatingTeamOS": "Datacenter",
              "Owner": "Datacenter",
              "Project": "Landingzone",
              "Workload": "VNET"
            },
            "timeouts": null
          },
          "sensitive_attributes": [],
          "private": "eyJlMmJmYjczMC1lY2FhLTExZTYtOGY4OC0zNDM2M2JjN2M0YzAiOnsiY3JlYXRlIjoxODAwMDAwMDAwMDAwLCJkZWxldGUiOjE4MDAwMDAwMDAwMDAsInJlYWQiOjMwMDAwMDAwMDAwMCwidXBkYXRlIjoxODAwMDAwMDAwMDAwfX0=",
          "dependencies": [
            "azurerm_resource_group.spoke"
          ]
        }
      ]
    },
    {
      "mode": "managed",
      "type": "azurerm_subnet",
      "name": "spoke_subnet",
      "provider": "provider[\"registry.terraform.io/hashicorp/azurerm\"].spoke",
      "instances": [
        {
          "index_key": "snet",
          "schema_version": 0,
          "attributes": {
            "address_prefixes": [
              "10.180.18.0/24"
            ],
            "delegation": [],
            "enforce_private_link_endpoint_network_policies": false,
            "enforce_private_link_service_network_policies": false,
            "id": "/subscriptions/f96bb086-c28f-40a3-88a8-89de63160a72/resourceGroups/rg-network/providers/Microsoft.Network/virtualNetworks/vnet-datacenter-prod/subnets/snet-datacenter-prod",
            "name": "snet-datacenter-prod",
            "private_endpoint_network_policies_enabled": true,
            "private_link_service_network_policies_enabled": true,
            "resource_group_name": "rg-network",
            "service_endpoint_policy_ids": null,
            "service_endpoints": null,
            "timeouts": null,
            "virtual_network_name": "vnet-datacenter-prod"
          },
          "sensitive_attributes": [],
          "private": "eyJlMmJmYjczMC1lY2FhLTExZTYtOGY4OC0zNDM2M2JjN2M0YzAiOnsiY3JlYXRlIjoxODAwMDAwMDAwMDAwLCJkZWxldGUiOjE4MDAwMDAwMDAwMDAsInJlYWQiOjMwMDAwMDAwMDAwMCwidXBkYXRlIjoxODAwMDAwMDAwMDAwfX0=",
          "dependencies": [
            "azurerm_resource_group.spoke",
            "azurerm_virtual_network.spoke_vnet"
          ]
        }
      ]
    },
    {
      "mode": "managed",
      "type": "azurerm_subnet_route_table_association",
      "name": "spoke_rta",
      "provider": "provider[\"registry.terraform.io/hashicorp/azurerm\"].spoke",
      "instances": [
        {
          "index_key": "snet",
          "schema_version": 0,
          "attributes": {
            "id": "/subscriptions/f96bb086-c28f-40a3-88a8-89de63160a72/resourceGroups/rg-network/providers/Microsoft.Network/virtualNetworks/vnet-datacenter-prod/subnets/snet-datacenter-prod",
            "route_table_id": "/subscriptions/f96bb086-c28f-40a3-88a8-89de63160a72/resourceGroups/rg-network/providers/Microsoft.Network/routeTables/route-datacenter-prod-to-hub",
            "subnet_id": "/subscriptions/f96bb086-c28f-40a3-88a8-89de63160a72/resourceGroups/rg-network/providers/Microsoft.Network/virtualNetworks/vnet-datacenter-prod/subnets/snet-datacenter-prod",
            "timeouts": null
          },
          "sensitive_attributes": [],
          "private": "eyJlMmJmYjczMC1lY2FhLTExZTYtOGY4OC0zNDM2M2JjN2M0YzAiOnsiY3JlYXRlIjoxODAwMDAwMDAwMDAwLCJkZWxldGUiOjE4MDAwMDAwMDAwMDAsInJlYWQiOjMwMDAwMDAwMDAwMCwidXBkYXRlIjoxODAwMDAwMDAwMDAwfX0=",
          "dependencies": [
            "azurerm_resource_group.spoke",
            "azurerm_route_table.spoke_rt",
            "azurerm_subnet.spoke_subnet",
            "azurerm_virtual_network.spoke_vnet"
          ]
        }
      ]
    },
    {
      "mode": "managed",
      "type": "azurerm_virtual_network",
      "name": "spoke_vnet",
      "provider": "provider[\"registry.terraform.io/hashicorp/azurerm\"].spoke",
      "instances": [
        {
          "schema_version": 0,
          "attributes": {
            "address_space": [
              "10.180.18.0/24"
            ],
            "bgp_community": "",
            "ddos_protection_plan": [],
            "dns_servers": [],
            "edge_zone": "",
            "encryption": [],
            "flow_timeout_in_minutes": 0,
            "guid": "fc16447f-fd11-41b9-a277-9e84d81f2fc3",
            "id": "/subscriptions/f96bb086-c28f-40a3-88a8-89de63160a72/resourceGroups/rg-network/providers/Microsoft.Network/virtualNetworks/vnet-datacenter-prod",
            "location": "westeurope",
            "name": "vnet-datacenter-prod",
            "resource_group_name": "rg-network",
            "subnet": [],
            "tags": {
              "CostCenter": "ITSM",
              "CreatedBy": "admHeiss",
              "Description": "Virtual Network",
              "Environment": "IT",
              "OperatingTeamApp": "Datacenter",
              "OperatingTeamOS": "Datacenter",
              "Owner": "Datacenter",
              "Project": "Landingzone",
              "Workload": "VNET"
            },
            "timeouts": null
          },
          "sensitive_attributes": [],
          "private": "eyJlMmJmYjczMC1lY2FhLTExZTYtOGY4OC0zNDM2M2JjN2M0YzAiOnsiY3JlYXRlIjoxODAwMDAwMDAwMDAwLCJkZWxldGUiOjE4MDAwMDAwMDAwMDAsInJlYWQiOjMwMDAwMDAwMDAwMCwidXBkYXRlIjoxODAwMDAwMDAwMDAwfX0=",
          "dependencies": [
            "azurerm_resource_group.spoke"
          ]
        }
      ]
    },
    {
      "mode": "managed",
      "type": "azurerm_virtual_network_peering",
      "name": "spoke_to_hub",
      "provider": "provider[\"registry.terraform.io/hashicorp/azurerm\"].spoke",
      "instances": [
        {
          "schema_version": 0,
          "attributes": {
            "allow_forwarded_traffic": true,
            "allow_gateway_transit": true,
            "allow_virtual_network_access": true,
            "id": "/subscriptions/f96bb086-c28f-40a3-88a8-89de63160a72/resourceGroups/rg-network/providers/Microsoft.Network/virtualNetworks/vnet-datacenter-prod/virtualNetworkPeerings/peer-datacenter-prod-hub",
            "name": "peer-datacenter-prod-hub",
            "remote_virtual_network_id": "/subscriptions/e635aa2a-2f4a-432e-8d5a-07f9ddce0808/resourceGroups/rg-network/providers/Microsoft.Network/virtualNetworks/vnet-hub",
            "resource_group_name": "rg-network",
            "timeouts": null,
            "triggers": null,
            "use_remote_gateways": false,
            "virtual_network_name": "vnet-datacenter-prod"
          },
          "sensitive_attributes": [],
          "private": "eyJlMmJmYjczMC1lY2FhLTExZTYtOGY4OC0zNDM2M2JjN2M0YzAiOnsiY3JlYXRlIjoxODAwMDAwMDAwMDAwLCJkZWxldGUiOjE4MDAwMDAwMDAwMDAsInJlYWQiOjMwMDAwMDAwMDAwMCwidXBkYXRlIjoxODAwMDAwMDAwMDAwfX0=",
          "dependencies": [
            "azurerm_resource_group.spoke",
            "azurerm_virtual_network.spoke_vnet"
          ]
        }
      ]
    }
  ],
  "check_results": null
}
